
Microsoft Visual Studio Solution File, Format Version 12.00
# Visual Studio Version 17
VisualStudioVersion = 17.11.35327.3
MinimumVisualStudioVersion = 10.0.40219.1
Project("{FAE04EC0-301F-11D3-BF4B-00C04F79EFBC}") = "Mediateq-AP-SIO2", "Mediateq-AP-SIO2.csproj", "{9E10C63B-D8D6-4A7F-B118-9B7B7D0D650F}"
EndProject
Project("{FAE04EC0-301F-11D3-BF4B-00C04F79EFBC}") = "Test-Mediateq", "..\Test-Mediateq\Test-Mediateq.csproj", "{A5C13F95-2A40-4FE6-9A7B-DF5C6806ED3D}"
EndProject
Global
	GlobalSection(SolutionConfigurationPlatforms) = preSolution
		Debug|Any CPU = Debug|Any CPU
		Release|Any CPU = Release|Any CPU
	EndGlobalSection
	GlobalSection(ProjectConfigurationPlatforms) = postSolution
		{9E10C63B-D8D6-4A7F-B118-9B7B7D0D650F}.Debug|Any CPU.ActiveCfg = Debug|Any CPU
		{9E10C63B-D8D6-4A7F-B118-9B7B7D0D650F}.Debug|Any CPU.Build.0 = Debug|Any CPU
		{9E10C63B-D8D6-4A7F-B118-9B7B7D0D650F}.Release|Any CPU.ActiveCfg = Release|Any CPU
		{9E10C63B-D8D6-4A7F-B118-9B7B7D0D650F}.Release|Any CPU.Build.0 = Release|Any CPU
		{A5C13F95-2A40-4FE6-9A7B-DF5C6806ED3D}.Debug|Any CPU.ActiveCfg = Debug|Any CPU
		{A5C13F95-2A40-4FE6-9A7B-DF5C6806ED3D}.Debug|Any CPU.Build.0 = Debug|Any CPU
		{A5C13F95-2A40-4FE6-9A7B-DF5C6806ED3D}.Release|Any CPU.ActiveCfg = Release|Any CPU
		{A5C13F95-2A40-4FE6-9A7B-DF5C6806ED3D}.Release|Any CPU.Build.0 = Release|Any CPU
	EndGlobalSection
	GlobalSection(SolutionProperties) = preSolution
		HideSolutionNode = FALSE
	EndGlobalSection
	GlobalSection(ExtensibilityGlobals) = postSolution
		SolutionGuid = {FE6B882B-6F02-4A45-A722-F725B79433D7}
	EndGlobalSection
EndGlobal
